
Microsoft Visual Studio Solution File, Format Version 12.00
Project("{FAE04EC0-301F-11D3-BF4B-00C04F79EFBC}") = "CwiczeniaRESTAPI.Domain", "CwiczeniaRESTAPI.Domain\CwiczeniaRESTAPI.Domain.csproj", "{1305F215-1002-4320-86A5-1A85719F048C}"
EndProject
Project("{FAE04EC0-301F-11D3-BF4B-00C04F79EFBC}") = "CwiczeniaRESTAPI.Infrastructure", "CwiczeniaRESTAPI.Infrastructure\CwiczeniaRESTAPI.Infrastructure.csproj", "{BD5D4127-BC4E-494E-A8FF-E39F6A0E2931}"
EndProject
Project("{FAE04EC0-301F-11D3-BF4B-00C04F79EFBC}") = "CwiczeniaRESTAPI.Domain.Tests", "CwiczeniaRESTAPI.Domain.Tests\CwiczeniaRESTAPI.Domain.Tests.csproj", "{E946E2D7-EABE-4D76-93FD-D4E90FEA675C}"
EndProject
Project("{FAE04EC0-301F-11D3-BF4B-00C04F79EFBC}") = "CwiczeniaRESTAPI.Infrastructure.Tests", "CwiczeniaRESTAPI.Infrastructure.Tests\CwiczeniaRESTAPI.Infrastructure.Tests.csproj", "{63595B56-6B79-4076-8D04-B8D0A8418486}"
EndProject
Project("{FAE04EC0-301F-11D3-BF4B-00C04F79EFBC}") = "CwiczeniaRESTAPI.API", "CwiczeniaRESTAPI.API\CwiczeniaRESTAPI.API.csproj", "{59267B12-E44F-4E2A-BE6F-D5D113ACDDFC}"
EndProject
Global
	GlobalSection(SolutionConfigurationPlatforms) = preSolution
		Debug|Any CPU = Debug|Any CPU
		Release|Any CPU = Release|Any CPU
	EndGlobalSection
	GlobalSection(ProjectConfigurationPlatforms) = postSolution
		{1305F215-1002-4320-86A5-1A85719F048C}.Debug|Any CPU.ActiveCfg = Debug|Any CPU
		{1305F215-1002-4320-86A5-1A85719F048C}.Debug|Any CPU.Build.0 = Debug|Any CPU
		{1305F215-1002-4320-86A5-1A85719F048C}.Release|Any CPU.ActiveCfg = Release|Any CPU
		{1305F215-1002-4320-86A5-1A85719F048C}.Release|Any CPU.Build.0 = Release|Any CPU
		{BD5D4127-BC4E-494E-A8FF-E39F6A0E2931}.Debug|Any CPU.ActiveCfg = Debug|Any CPU
		{BD5D4127-BC4E-494E-A8FF-E39F6A0E2931}.Debug|Any CPU.Build.0 = Debug|Any CPU
		{BD5D4127-BC4E-494E-A8FF-E39F6A0E2931}.Release|Any CPU.ActiveCfg = Release|Any CPU
		{BD5D4127-BC4E-494E-A8FF-E39F6A0E2931}.Release|Any CPU.Build.0 = Release|Any CPU
		{E946E2D7-EABE-4D76-93FD-D4E90FEA675C}.Debug|Any CPU.ActiveCfg = Debug|Any CPU
		{E946E2D7-EABE-4D76-93FD-D4E90FEA675C}.Debug|Any CPU.Build.0 = Debug|Any CPU
		{E946E2D7-EABE-4D76-93FD-D4E90FEA675C}.Release|Any CPU.ActiveCfg = Release|Any CPU
		{E946E2D7-EABE-4D76-93FD-D4E90FEA675C}.Release|Any CPU.Build.0 = Release|Any CPU
		{63595B56-6B79-4076-8D04-B8D0A8418486}.Debug|Any CPU.ActiveCfg = Debug|Any CPU
		{63595B56-6B79-4076-8D04-B8D0A8418486}.Debug|Any CPU.Build.0 = Debug|Any CPU
		{63595B56-6B79-4076-8D04-B8D0A8418486}.Release|Any CPU.ActiveCfg = Release|Any CPU
		{63595B56-6B79-4076-8D04-B8D0A8418486}.Release|Any CPU.Build.0 = Release|Any CPU
		{59267B12-E44F-4E2A-BE6F-D5D113ACDDFC}.Debug|Any CPU.ActiveCfg = Debug|Any CPU
		{59267B12-E44F-4E2A-BE6F-D5D113ACDDFC}.Debug|Any CPU.Build.0 = Debug|Any CPU
		{59267B12-E44F-4E2A-BE6F-D5D113ACDDFC}.Release|Any CPU.ActiveCfg = Release|Any CPU
		{59267B12-E44F-4E2A-BE6F-D5D113ACDDFC}.Release|Any CPU.Build.0 = Release|Any CPU
	EndGlobalSection
EndGlobal
